
Microsoft Visual Studio Solution File, Format Version 12.00
# Visual Studio Version 17
VisualStudioVersion = 17.1.32210.238
MinimumVisualStudioVersion = 10.0.40219.1
Project("{FAE04EC0-301F-11D3-BF4B-00C04F79EFBC}") = "Ch03Ex02", "Ch03Ex02\Ch03Ex02.csproj", "{14FFE2EC-B27D-4104-A017-C07A35563CEE}"
EndProject
Global
	GlobalSection(SolutionConfigurationPlatforms) = preSolution
		Debug|Any CPU = Debug|Any CPU
		Release|Any CPU = Release|Any CPU
	EndGlobalSection
	GlobalSection(ProjectConfigurationPlatforms) = postSolution
		{14FFE2EC-B27D-4104-A017-C07A35563CEE}.Debug|Any CPU.ActiveCfg = Debug|Any CPU
		{14FFE2EC-B27D-4104-A017-C07A35563CEE}.Debug|Any CPU.Build.0 = Debug|Any CPU
		{14FFE2EC-B27D-4104-A017-C07A35563CEE}.Release|Any CPU.ActiveCfg = Release|Any CPU
		{14FFE2EC-B27D-4104-A017-C07A35563CEE}.Release|Any CPU.Build.0 = Release|Any CPU
	EndGlobalSection
	GlobalSection(SolutionProperties) = preSolution
		HideSolutionNode = FALSE
	EndGlobalSection
	GlobalSection(ExtensibilityGlobals) = postSolution
		SolutionGuid = {A901D349-B590-4583-A691-EECBC747B47A}
	EndGlobalSection
EndGlobal
